// !$*UTF8*$!
{
	archiveVersion = 1;
	classes = {
	};
	objectVersion = 51;
	objects = {

/* Begin PBXBuildFile section */
		5520FF26670DDFD90CC86C5E /* Pods_MoVision.framework in Frameworks */ = {isa = PBXBuildFile; fileRef = 7F59B8B11602D0E4C63C905B /* Pods_MoVision.framework */; };
		5A422ADB229DF906005AA4D2 /* DataController.swift in Sources */ = {isa = PBXBuildFile; fileRef = 5A422ADA229DF906005AA4D2 /* DataController.swift */; };
		5A422ADF229F4411005AA4D2 /* EntertainmentType.swift in Sources */ = {isa = PBXBuildFile; fileRef = 5A422ADE229F4411005AA4D2 /* EntertainmentType.swift */; };
		5AEA1BDD2293CB8500586209 /* AppDelegate.swift in Sources */ = {isa = PBXBuildFile; fileRef = 5AEA1BDC2293CB8500586209 /* AppDelegate.swift */; };
		5AEA1BDF2293CB8500586209 /* MoviesViewController.swift in Sources */ = {isa = PBXBuildFile; fileRef = 5AEA1BDE2293CB8500586209 /* MoviesViewController.swift */; };
		5AEA1BE12293CB8500586209 /* TVShowsViewController.swift in Sources */ = {isa = PBXBuildFile; fileRef = 5AEA1BE02293CB8500586209 /* TVShowsViewController.swift */; };
		5AEA1BE42293CB8500586209 /* Main.storyboard in Resources */ = {isa = PBXBuildFile; fileRef = 5AEA1BE22293CB8500586209 /* Main.storyboard */; };
		5AEA1BE62293CB8700586209 /* Assets.xcassets in Resources */ = {isa = PBXBuildFile; fileRef = 5AEA1BE52293CB8700586209 /* Assets.xcassets */; };
		5AEA1BE92293CB8700586209 /* LaunchScreen.storyboard in Resources */ = {isa = PBXBuildFile; fileRef = 5AEA1BE72293CB8700586209 /* LaunchScreen.storyboard */; };
		5AEA1BF32293CEFC00586209 /* FavoritesViewController.swift in Sources */ = {isa = PBXBuildFile; fileRef = 5AEA1BF22293CEFC00586209 /* FavoritesViewController.swift */; };
		5AEA1BF62293D30900586209 /* CategoryMovieTableViewCell.swift in Sources */ = {isa = PBXBuildFile; fileRef = 5AEA1BF52293D30900586209 /* CategoryMovieTableViewCell.swift */; };
		5AEA1BF82293D51D00586209 /* MovieCollectionViewCell.swift in Sources */ = {isa = PBXBuildFile; fileRef = 5AEA1BF72293D51D00586209 /* MovieCollectionViewCell.swift */; };
		5AEA1BFE229918D000586209 /* Movies.swift in Sources */ = {isa = PBXBuildFile; fileRef = 5AEA1BFD229918D000586209 /* Movies.swift */; };
		5AEA1C042299B47800586209 /* Movie.swift in Sources */ = {isa = PBXBuildFile; fileRef = 5AEA1C032299B47800586209 /* Movie.swift */; };
		5AEA1C062299B74700586209 /* APIClient.swift in Sources */ = {isa = PBXBuildFile; fileRef = 5AEA1C052299B74700586209 /* APIClient.swift */; };
		5AEA1C092299BD9400586209 /* Endpoints.swift in Sources */ = {isa = PBXBuildFile; fileRef = 5AEA1C082299BD9400586209 /* Endpoints.swift */; };
		5AEA1C0C2299DB1500586209 /* ViewController+Extension.swift in Sources */ = {isa = PBXBuildFile; fileRef = 5AEA1C0B2299DB1500586209 /* ViewController+Extension.swift */; };
		5AEA1C0F2299E7FE00586209 /* CategoryMovie.swift in Sources */ = {isa = PBXBuildFile; fileRef = 5AEA1C0E2299E7FE00586209 /* CategoryMovie.swift */; };
		5AEA1C112299E88300586209 /* Catalog.swift in Sources */ = {isa = PBXBuildFile; fileRef = 5AEA1C102299E88300586209 /* Catalog.swift */; };
		5AEA1C13229A04C400586209 /* CategoryType.swift in Sources */ = {isa = PBXBuildFile; fileRef = 5AEA1C12229A04C400586209 /* CategoryType.swift */; };
		5AEA1C15229BB9ED00586209 /* CategoryTVTableViewCell.swift in Sources */ = {isa = PBXBuildFile; fileRef = 5AEA1C14229BB9ED00586209 /* CategoryTVTableViewCell.swift */; };
		5AEA1C17229BBAA300586209 /* TVCollectionViewCell.swift in Sources */ = {isa = PBXBuildFile; fileRef = 5AEA1C16229BBAA300586209 /* TVCollectionViewCell.swift */; };
		5AEA1C19229BBBAB00586209 /* TVShow.swift in Sources */ = {isa = PBXBuildFile; fileRef = 5AEA1C18229BBBAB00586209 /* TVShow.swift */; };
		5AEA1C1B229BBCE000586209 /* CategoryTV.swift in Sources */ = {isa = PBXBuildFile; fileRef = 5AEA1C1A229BBCE000586209 /* CategoryTV.swift */; };
		5AEA1C1D229BC0B400586209 /* TVShows.swift in Sources */ = {isa = PBXBuildFile; fileRef = 5AEA1C1C229BC0B400586209 /* TVShows.swift */; };
		5AEA1C21229C86EF00586209 /* DetailViewViewController.swift in Sources */ = {isa = PBXBuildFile; fileRef = 5AEA1C20229C86EF00586209 /* DetailViewViewController.swift */; };
		5AEA1C24229CB13900586209 /* MoVision.xcdatamodeld in Sources */ = {isa = PBXBuildFile; fileRef = 5AEA1C22229CB13900586209 /* MoVision.xcdatamodeld */; };
		5AEA1C26229CB67300586209 /* Favorite.swift in Sources */ = {isa = PBXBuildFile; fileRef = 5AEA1C25229CB67300586209 /* Favorite.swift */; };
		5AEA1C28229CB6C000586209 /* CategoryFavorite.swift in Sources */ = {isa = PBXBuildFile; fileRef = 5AEA1C27229CB6C000586209 /* CategoryFavorite.swift */; };
		5AEA1C2B229CE6CE00586209 /* CategoryFavoriteTableViewCell.swift in Sources */ = {isa = PBXBuildFile; fileRef = 5AEA1C2A229CE6CE00586209 /* CategoryFavoriteTableViewCell.swift */; };
/* End PBXBuildFile section */

/* Begin PBXFileReference section */
		5A422ADA229DF906005AA4D2 /* DataController.swift */ = {isa = PBXFileReference; lastKnownFileType = sourcecode.swift; path = DataController.swift; sourceTree = "<group>"; };
		5A422ADE229F4411005AA4D2 /* EntertainmentType.swift */ = {isa = PBXFileReference; lastKnownFileType = sourcecode.swift; path = EntertainmentType.swift; sourceTree = "<group>"; };
		5AEA1BD92293CB8500586209 /* MoVision.app */ = {isa = PBXFileReference; explicitFileType = wrapper.application; includeInIndex = 0; path = MoVision.app; sourceTree = BUILT_PRODUCTS_DIR; };
		5AEA1BDC2293CB8500586209 /* AppDelegate.swift */ = {isa = PBXFileReference; lastKnownFileType = sourcecode.swift; path = AppDelegate.swift; sourceTree = "<group>"; };
		5AEA1BDE2293CB8500586209 /* MoviesViewController.swift */ = {isa = PBXFileReference; lastKnownFileType = sourcecode.swift; path = MoviesViewController.swift; sourceTree = "<group>"; };
		5AEA1BE02293CB8500586209 /* TVShowsViewController.swift */ = {isa = PBXFileReference; lastKnownFileType = sourcecode.swift; path = TVShowsViewController.swift; sourceTree = "<group>"; };
		5AEA1BE32293CB8500586209 /* Base */ = {isa = PBXFileReference; lastKnownFileType = file.storyboard; name = Base; path = Base.lproj/Main.storyboard; sourceTree = "<group>"; };
		5AEA1BE52293CB8700586209 /* Assets.xcassets */ = {isa = PBXFileReference; lastKnownFileType = folder.assetcatalog; path = Assets.xcassets; sourceTree = "<group>"; };
		5AEA1BE82293CB8700586209 /* Base */ = {isa = PBXFileReference; lastKnownFileType = file.storyboard; name = Base; path = Base.lproj/LaunchScreen.storyboard; sourceTree = "<group>"; };
		5AEA1BEA2293CB8700586209 /* Info.plist */ = {isa = PBXFileReference; lastKnownFileType = text.plist.xml; path = Info.plist; sourceTree = "<group>"; };
		5AEA1BF22293CEFC00586209 /* FavoritesViewController.swift */ = {isa = PBXFileReference; lastKnownFileType = sourcecode.swift; path = FavoritesViewController.swift; sourceTree = "<group>"; };
		5AEA1BF52293D30900586209 /* CategoryMovieTableViewCell.swift */ = {isa = PBXFileReference; lastKnownFileType = sourcecode.swift; path = CategoryMovieTableViewCell.swift; sourceTree = "<group>"; };
		5AEA1BF72293D51D00586209 /* MovieCollectionViewCell.swift */ = {isa = PBXFileReference; lastKnownFileType = sourcecode.swift; path = MovieCollectionViewCell.swift; sourceTree = "<group>"; };
		5AEA1BFD229918D000586209 /* Movies.swift */ = {isa = PBXFileReference; lastKnownFileType = sourcecode.swift; path = Movies.swift; sourceTree = "<group>"; };
		5AEA1BFF2299620200586209 /* Alamofire.framework */ = {isa = PBXFileReference; explicitFileType = wrapper.framework; path = Alamofire.framework; sourceTree = BUILT_PRODUCTS_DIR; };
		5AEA1C032299B47800586209 /* Movie.swift */ = {isa = PBXFileReference; lastKnownFileType = sourcecode.swift; path = Movie.swift; sourceTree = "<group>"; };
		5AEA1C052299B74700586209 /* APIClient.swift */ = {isa = PBXFileReference; lastKnownFileType = sourcecode.swift; path = APIClient.swift; sourceTree = "<group>"; };
		5AEA1C082299BD9400586209 /* Endpoints.swift */ = {isa = PBXFileReference; lastKnownFileType = sourcecode.swift; path = Endpoints.swift; sourceTree = "<group>"; };
		5AEA1C0B2299DB1500586209 /* ViewController+Extension.swift */ = {isa = PBXFileReference; lastKnownFileType = sourcecode.swift; path = "ViewController+Extension.swift"; sourceTree = "<group>"; };
		5AEA1C0E2299E7FE00586209 /* CategoryMovie.swift */ = {isa = PBXFileReference; lastKnownFileType = sourcecode.swift; path = CategoryMovie.swift; sourceTree = "<group>"; };
		5AEA1C102299E88300586209 /* Catalog.swift */ = {isa = PBXFileReference; lastKnownFileType = sourcecode.swift; path = Catalog.swift; sourceTree = "<group>"; };
		5AEA1C12229A04C400586209 /* CategoryType.swift */ = {isa = PBXFileReference; lastKnownFileType = sourcecode.swift; path = CategoryType.swift; sourceTree = "<group>"; };
		5AEA1C14229BB9ED00586209 /* CategoryTVTableViewCell.swift */ = {isa = PBXFileReference; lastKnownFileType = sourcecode.swift; path = CategoryTVTableViewCell.swift; sourceTree = "<group>"; };
		5AEA1C16229BBAA300586209 /* TVCollectionViewCell.swift */ = {isa = PBXFileReference; lastKnownFileType = sourcecode.swift; path = TVCollectionViewCell.swift; sourceTree = "<group>"; };
		5AEA1C18229BBBAB00586209 /* TVShow.swift */ = {isa = PBXFileReference; lastKnownFileType = sourcecode.swift; path = TVShow.swift; sourceTree = "<group>"; };
		5AEA1C1A229BBCE000586209 /* CategoryTV.swift */ = {isa = PBXFileReference; lastKnownFileType = sourcecode.swift; path = CategoryTV.swift; sourceTree = "<group>"; };
		5AEA1C1C229BC0B400586209 /* TVShows.swift */ = {isa = PBXFileReference; lastKnownFileType = sourcecode.swift; path = TVShows.swift; sourceTree = "<group>"; };
		5AEA1C20229C86EF00586209 /* DetailViewViewController.swift */ = {isa = PBXFileReference; lastKnownFileType = sourcecode.swift; path = DetailViewViewController.swift; sourceTree = "<group>"; };
		5AEA1C23229CB13900586209 /* MoVision.xcdatamodel */ = {isa = PBXFileReference; lastKnownFileType = wrapper.xcdatamodel; path = MoVision.xcdatamodel; sourceTree = "<group>"; };
		5AEA1C25229CB67300586209 /* Favorite.swift */ = {isa = PBXFileReference; lastKnownFileType = sourcecode.swift; path = Favorite.swift; sourceTree = "<group>"; };
		5AEA1C27229CB6C000586209 /* CategoryFavorite.swift */ = {isa = PBXFileReference; lastKnownFileType = sourcecode.swift; path = CategoryFavorite.swift; sourceTree = "<group>"; };
		5AEA1C2A229CE6CE00586209 /* CategoryFavoriteTableViewCell.swift */ = {isa = PBXFileReference; lastKnownFileType = sourcecode.swift; path = CategoryFavoriteTableViewCell.swift; sourceTree = "<group>"; };
		7099FAA0F0518F0D1A33B749 /* Pods-MoVision.debug.xcconfig */ = {isa = PBXFileReference; includeInIndex = 1; lastKnownFileType = text.xcconfig; name = "Pods-MoVision.debug.xcconfig"; path = "Pods/Target Support Files/Pods-MoVision/Pods-MoVision.debug.xcconfig"; sourceTree = "<group>"; };
		7F59B8B11602D0E4C63C905B /* Pods_MoVision.framework */ = {isa = PBXFileReference; explicitFileType = wrapper.framework; includeInIndex = 0; path = Pods_MoVision.framework; sourceTree = BUILT_PRODUCTS_DIR; };
		CA598AD1AF3EF451CFE5FE57 /* Pods-MoVision.release.xcconfig */ = {isa = PBXFileReference; includeInIndex = 1; lastKnownFileType = text.xcconfig; name = "Pods-MoVision.release.xcconfig"; path = "Pods/Target Support Files/Pods-MoVision/Pods-MoVision.release.xcconfig"; sourceTree = "<group>"; };
/* End PBXFileReference section */

/* Begin PBXFrameworksBuildPhase section */
		5AEA1BD62293CB8500586209 /* Frameworks */ = {
			isa = PBXFrameworksBuildPhase;
			buildActionMask = 2147483647;
			files = (
				5520FF26670DDFD90CC86C5E /* Pods_MoVision.framework in Frameworks */,
			);
			runOnlyForDeploymentPostprocessing = 0;
		};
/* End PBXFrameworksBuildPhase section */

/* Begin PBXGroup section */
		012C317D010BD8E651591685 /* Frameworks */ = {
			isa = PBXGroup;
			children = (
				7F59B8B11602D0E4C63C905B /* Pods_MoVision.framework */,
			);
			name = Frameworks;
			sourceTree = "<group>";
		};
		4DB32F821460FAECEF0ED7C8 /* Pods */ = {
			isa = PBXGroup;
			children = (
				7099FAA0F0518F0D1A33B749 /* Pods-MoVision.debug.xcconfig */,
				CA598AD1AF3EF451CFE5FE57 /* Pods-MoVision.release.xcconfig */,
			);
			name = Pods;
			sourceTree = "<group>";
		};
		5A422AD9229DCBF1005AA4D2 /* Networking */ = {
			isa = PBXGroup;
			children = (
				5AEA1C052299B74700586209 /* APIClient.swift */,
			);
			path = Networking;
			sourceTree = "<group>";
		};
		5AEA1BD02293CB8500586209 = {
			isa = PBXGroup;
			children = (
				5AEA1BFF2299620200586209 /* Alamofire.framework */,
				5AEA1BDB2293CB8500586209 /* MoVision */,
				5AEA1BDA2293CB8500586209 /* Products */,
				4DB32F821460FAECEF0ED7C8 /* Pods */,
				012C317D010BD8E651591685 /* Frameworks */,
			);
			sourceTree = "<group>";
		};
		5AEA1BDA2293CB8500586209 /* Products */ = {
			isa = PBXGroup;
			children = (
				5AEA1BD92293CB8500586209 /* MoVision.app */,
			);
			name = Products;
			sourceTree = "<group>";
		};
		5AEA1BDB2293CB8500586209 /* MoVision */ = {
			isa = PBXGroup;
			children = (
				5AEA1C0A2299DB0100586209 /* Extension */,
				5AEA1BFC2298DD7C00586209 /* Model */,
				5AEA1BF12293CBE200586209 /* Controller */,
				5AEA1BF02293CBB900586209 /* View */,
				5AEA1BDC2293CB8500586209 /* AppDelegate.swift */,
				5AEA1BEA2293CB8700586209 /* Info.plist */,
			);
			path = MoVision;
			sourceTree = "<group>";
		};
		5AEA1BF02293CBB900586209 /* View */ = {
			isa = PBXGroup;
			children = (
				5AEA1BF42293D2EA00586209 /* Cells */,
				5AEA1BE22293CB8500586209 /* Main.storyboard */,
				5AEA1BE52293CB8700586209 /* Assets.xcassets */,
				5AEA1BE72293CB8700586209 /* LaunchScreen.storyboard */,
			);
			path = View;
			sourceTree = "<group>";
		};
		5AEA1BF12293CBE200586209 /* Controller */ = {
			isa = PBXGroup;
			children = (
				5AEA1C20229C86EF00586209 /* DetailViewViewController.swift */,
				5AEA1BF22293CEFC00586209 /* FavoritesViewController.swift */,
				5AEA1BDE2293CB8500586209 /* MoviesViewController.swift */,
				5AEA1BE02293CB8500586209 /* TVShowsViewController.swift */,
			);
			path = Controller;
			sourceTree = "<group>";
		};
		5AEA1BF42293D2EA00586209 /* Cells */ = {
			isa = PBXGroup;
			children = (
				5AEA1C29229CE6A600586209 /* Favorite */,
				5AEA1C1E229C71D400586209 /* Movie */,
				5AEA1C1F229C71E500586209 /* TV */,
			);
			path = Cells;
			sourceTree = "<group>";
		};
		5AEA1BFC2298DD7C00586209 /* Model */ = {
			isa = PBXGroup;
			children = (
				5A422AD9229DCBF1005AA4D2 /* Networking */,
				5AEA1C0D2299E7D400586209 /* Data */,
				5AEA1C072299BD8700586209 /* Shared */,
				5AEA1C22229CB13900586209 /* MoVision.xcdatamodeld */,
				5A422ADA229DF906005AA4D2 /* DataController.swift */,
			);
			path = Model;
			sourceTree = "<group>";
		};
		5AEA1C072299BD8700586209 /* Shared */ = {
			isa = PBXGroup;
			children = (
				5AEA1C12229A04C400586209 /* CategoryType.swift */,
				5AEA1C082299BD9400586209 /* Endpoints.swift */,
				5A422ADE229F4411005AA4D2 /* EntertainmentType.swift */,
			);
			path = Shared;
			sourceTree = "<group>";
		};
		5AEA1C0A2299DB0100586209 /* Extension */ = {
			isa = PBXGroup;
			children = (
				5AEA1C0B2299DB1500586209 /* ViewController+Extension.swift */,
			);
			path = Extension;
			sourceTree = "<group>";
		};
		5AEA1C0D2299E7D400586209 /* Data */ = {
			isa = PBXGroup;
			children = (
				5AEA1C102299E88300586209 /* Catalog.swift */,
				5AEA1C27229CB6C000586209 /* CategoryFavorite.swift */,
				5AEA1C0E2299E7FE00586209 /* CategoryMovie.swift */,
				5AEA1C1A229BBCE000586209 /* CategoryTV.swift */,
				5AEA1C25229CB67300586209 /* Favorite.swift */,
				5AEA1C032299B47800586209 /* Movie.swift */,
				5AEA1BFD229918D000586209 /* Movies.swift */,
				5AEA1C18229BBBAB00586209 /* TVShow.swift */,
				5AEA1C1C229BC0B400586209 /* TVShows.swift */,
			);
			path = Data;
			sourceTree = "<group>";
		};
		5AEA1C1E229C71D400586209 /* Movie */ = {
			isa = PBXGroup;
			children = (
				5AEA1BF52293D30900586209 /* CategoryMovieTableViewCell.swift */,
				5AEA1BF72293D51D00586209 /* MovieCollectionViewCell.swift */,
			);
			path = Movie;
			sourceTree = "<group>";
		};
		5AEA1C1F229C71E500586209 /* TV */ = {
			isa = PBXGroup;
			children = (
				5AEA1C14229BB9ED00586209 /* CategoryTVTableViewCell.swift */,
				5AEA1C16229BBAA300586209 /* TVCollectionViewCell.swift */,
			);
			path = TV;
			sourceTree = "<group>";
		};
		5AEA1C29229CE6A600586209 /* Favorite */ = {
			isa = PBXGroup;
			children = (
				5AEA1C2A229CE6CE00586209 /* CategoryFavoriteTableViewCell.swift */,
			);
			path = Favorite;
			sourceTree = "<group>";
		};
/* End PBXGroup section */

/* Begin PBXNativeTarget section */
		5AEA1BD82293CB8500586209 /* MoVision */ = {
			isa = PBXNativeTarget;
			buildConfigurationList = 5AEA1BED2293CB8700586209 /* Build configuration list for PBXNativeTarget "MoVision" */;
			buildPhases = (
				0C184505311012E18AA57B97 /* [CP] Check Pods Manifest.lock */,
				5AEA1BD52293CB8500586209 /* Sources */,
				5AEA1BD62293CB8500586209 /* Frameworks */,
				5AEA1BD72293CB8500586209 /* Resources */,
				2FABBE7B111B638DDF73726A /* [CP] Embed Pods Frameworks */,
			);
			buildRules = (
			);
			dependencies = (
			);
			name = MoVision;
			productName = MoVision;
			productReference = 5AEA1BD92293CB8500586209 /* MoVision.app */;
			productType = "com.apple.product-type.application";
		};
/* End PBXNativeTarget section */

/* Begin PBXProject section */
		5AEA1BD12293CB8500586209 /* Project object */ = {
			isa = PBXProject;
			attributes = {
				LastSwiftUpdateCheck = 1020;
				LastUpgradeCheck = 1020;
				ORGANIZATIONNAME = SDK;
				TargetAttributes = {
					5AEA1BD82293CB8500586209 = {
						CreatedOnToolsVersion = 10.2.1;
					};
				};
			};
			buildConfigurationList = 5AEA1BD42293CB8500586209 /* Build configuration list for PBXProject "MoVision" */;
			compatibilityVersion = "Xcode 9.3";
			developmentRegion = en;
			hasScannedForEncodings = 0;
			knownRegions = (
				en,
				Base,
			);
			mainGroup = 5AEA1BD02293CB8500586209;
			productRefGroup = 5AEA1BDA2293CB8500586209 /* Products */;
			projectDirPath = "";
			projectRoot = "";
			targets = (
				5AEA1BD82293CB8500586209 /* MoVision */,
			);
		};
/* End PBXProject section */

/* Begin PBXResourcesBuildPhase section */
		5AEA1BD72293CB8500586209 /* Resources */ = {
			isa = PBXResourcesBuildPhase;
			buildActionMask = 2147483647;
			files = (
				5AEA1BE92293CB8700586209 /* LaunchScreen.storyboard in Resources */,
				5AEA1BE62293CB8700586209 /* Assets.xcassets in Resources */,
				5AEA1BE42293CB8500586209 /* Main.storyboard in Resources */,
			);
			runOnlyForDeploymentPostprocessing = 0;
		};
/* End PBXResourcesBuildPhase section */

/* Begin PBXShellScriptBuildPhase section */
		0C184505311012E18AA57B97 /* [CP] Check Pods Manifest.lock */ = {
			isa = PBXShellScriptBuildPhase;
			buildActionMask = 2147483647;
			files = (
			);
			inputPaths = (
				"${PODS_PODFILE_DIR_PATH}/Podfile.lock",
				"${PODS_ROOT}/Manifest.lock",
			);
			name = "[CP] Check Pods Manifest.lock";
			outputPaths = (
				"$(DERIVED_FILE_DIR)/Pods-MoVision-checkManifestLockResult.txt",
			);
			runOnlyForDeploymentPostprocessing = 0;
			shellPath = /bin/sh;
			shellScript = "diff \"${PODS_PODFILE_DIR_PATH}/Podfile.lock\" \"${PODS_ROOT}/Manifest.lock\" > /dev/null\nif [ $? != 0 ] ; then\n    # print error to STDERR\n    echo \"error: The sandbox is not in sync with the Podfile.lock. Run 'pod install' or update your CocoaPods installation.\" >&2\n    exit 1\nfi\n# This output is used by Xcode 'outputs' to avoid re-running this script phase.\necho \"SUCCESS\" > \"${SCRIPT_OUTPUT_FILE_0}\"\n";
			showEnvVarsInLog = 0;
		};
		2FABBE7B111B638DDF73726A /* [CP] Embed Pods Frameworks */ = {
			isa = PBXShellScriptBuildPhase;
			buildActionMask = 2147483647;
			files = (
			);
			inputFileListPaths = (
				"${PODS_ROOT}/Target Support Files/Pods-MoVision/Pods-MoVision-frameworks-${CONFIGURATION}-input-files.xcfilelist",
			);
			name = "[CP] Embed Pods Frameworks";
			outputFileListPaths = (
				"${PODS_ROOT}/Target Support Files/Pods-MoVision/Pods-MoVision-frameworks-${CONFIGURATION}-output-files.xcfilelist",
			);
			runOnlyForDeploymentPostprocessing = 0;
			shellPath = /bin/sh;
			shellScript = "\"${PODS_ROOT}/Target Support Files/Pods-MoVision/Pods-MoVision-frameworks.sh\"\n";
			showEnvVarsInLog = 0;
		};
/* End PBXShellScriptBuildPhase section */

/* Begin PBXSourcesBuildPhase section */
		5AEA1BD52293CB8500586209 /* Sources */ = {
			isa = PBXSourcesBuildPhase;
			buildActionMask = 2147483647;
			files = (
				5AEA1C19229BBBAB00586209 /* TVShow.swift in Sources */,
				5AEA1BF62293D30900586209 /* CategoryMovieTableViewCell.swift in Sources */,
				5AEA1BE12293CB8500586209 /* TVShowsViewController.swift in Sources */,
				5AEA1C1D229BC0B400586209 /* TVShows.swift in Sources */,
				5AEA1BDD2293CB8500586209 /* AppDelegate.swift in Sources */,
				5AEA1BFE229918D000586209 /* Movies.swift in Sources */,
				5AEA1C1B229BBCE000586209 /* CategoryTV.swift in Sources */,
				5AEA1C2B229CE6CE00586209 /* CategoryFavoriteTableViewCell.swift in Sources */,
				5AEA1C24229CB13900586209 /* MoVision.xcdatamodeld in Sources */,
				5AEA1C092299BD9400586209 /* Endpoints.swift in Sources */,
				5A422ADB229DF906005AA4D2 /* DataController.swift in Sources */,
				5AEA1C112299E88300586209 /* Catalog.swift in Sources */,
				5AEA1C17229BBAA300586209 /* TVCollectionViewCell.swift in Sources */,
				5AEA1BF82293D51D00586209 /* MovieCollectionViewCell.swift in Sources */,
				5AEA1BF32293CEFC00586209 /* FavoritesViewController.swift in Sources */,
				5AEA1C042299B47800586209 /* Movie.swift in Sources */,
				5AEA1C0C2299DB1500586209 /* ViewController+Extension.swift in Sources */,
				5AEA1C15229BB9ED00586209 /* CategoryTVTableViewCell.swift in Sources */,
				5AEA1BDF2293CB8500586209 /* MoviesViewController.swift in Sources */,
				5AEA1C26229CB67300586209 /* Favorite.swift in Sources */,
				5A422ADF229F4411005AA4D2 /* EntertainmentType.swift in Sources */,
				5AEA1C062299B74700586209 /* APIClient.swift in Sources */,
				5AEA1C28229CB6C000586209 /* CategoryFavorite.swift in Sources */,
				5AEA1C0F2299E7FE00586209 /* CategoryMovie.swift in Sources */,
				5AEA1C21229C86EF00586209 /* DetailViewViewController.swift in Sources */,
				5AEA1C13229A04C400586209 /* CategoryType.swift in Sources */,
			);
			runOnlyForDeploymentPostprocessing = 0;
		};
/* End PBXSourcesBuildPhase section */

/* Begin PBXVariantGroup section */
		5AEA1BE22293CB8500586209 /* Main.storyboard */ = {
			isa = PBXVariantGroup;
			children = (
				5AEA1BE32293CB8500586209 /* Base */,
			);
			name = Main.storyboard;
			sourceTree = "<group>";
		};
		5AEA1BE72293CB8700586209 /* LaunchScreen.storyboard */ = {
			isa = PBXVariantGroup;
			children = (
				5AEA1BE82293CB8700586209 /* Base */,
			);
			name = LaunchScreen.storyboard;
			sourceTree = "<group>";
		};
/* End PBXVariantGroup section */

/* Begin XCBuildConfiguration section */
		5AEA1BEB2293CB8700586209 /* Debug */ = {
			isa = XCBuildConfiguration;
			buildSettings = {
				ALWAYS_SEARCH_USER_PATHS = NO;
				CLANG_ANALYZER_NONNULL = YES;
				CLANG_ANALYZER_NUMBER_OBJECT_CONVERSION = YES_AGGRESSIVE;
				CLANG_CXX_LANGUAGE_STANDARD = "gnu++14";
				CLANG_CXX_LIBRARY = "libc++";
				CLANG_ENABLE_MODULES = YES;
				CLANG_ENABLE_OBJC_ARC = YES;
				CLANG_ENABLE_OBJC_WEAK = YES;
				CLANG_WARN_BLOCK_CAPTURE_AUTORELEASING = YES;
				CLANG_WARN_BOOL_CONVERSION = YES;
				CLANG_WARN_COMMA = YES;
				CLANG_WARN_CONSTANT_CONVERSION = YES;
				CLANG_WARN_DEPRECATED_OBJC_IMPLEMENTATIONS = YES;
				CLANG_WARN_DIRECT_OBJC_ISA_USAGE = YES_ERROR;
				CLANG_WARN_DOCUMENTATION_COMMENTS = YES;
				CLANG_WARN_EMPTY_BODY = YES;
				CLANG_WARN_ENUM_CONVERSION = YES;
				CLANG_WARN_INFINITE_RECURSION = YES;
				CLANG_WARN_INT_CONVERSION = YES;
				CLANG_WARN_NON_LITERAL_NULL_CONVERSION = YES;
				CLANG_WARN_OBJC_IMPLICIT_RETAIN_SELF = YES;
				CLANG_WARN_OBJC_LITERAL_CONVERSION = YES;
				CLANG_WARN_OBJC_ROOT_CLASS = YES_ERROR;
				CLANG_WARN_RANGE_LOOP_ANALYSIS = YES;
				CLANG_WARN_STRICT_PROTOTYPES = YES;
				CLANG_WARN_SUSPICIOUS_MOVE = YES;
				CLANG_WARN_UNGUARDED_AVAILABILITY = YES_AGGRESSIVE;
				CLANG_WARN_UNREACHABLE_CODE = YES;
				CLANG_WARN__DUPLICATE_METHOD_MATCH = YES;
				CODE_SIGN_IDENTITY = "iPhone Developer";
				COPY_PHASE_STRIP = NO;
				DEBUG_INFORMATION_FORMAT = dwarf;
				ENABLE_STRICT_OBJC_MSGSEND = YES;
				ENABLE_TESTABILITY = YES;
				FRAMEWORK_SEARCH_PATHS = "$(inherited)";
				GCC_C_LANGUAGE_STANDARD = gnu11;
				GCC_DYNAMIC_NO_PIC = NO;
				GCC_NO_COMMON_BLOCKS = YES;
				GCC_OPTIMIZATION_LEVEL = 0;
				GCC_PREPROCESSOR_DEFINITIONS = (
					"DEBUG=1",
					"$(inherited)",
				);
				GCC_WARN_64_TO_32_BIT_CONVERSION = YES;
				GCC_WARN_ABOUT_RETURN_TYPE = YES_ERROR;
				GCC_WARN_UNDECLARED_SELECTOR = YES;
				GCC_WARN_UNINITIALIZED_AUTOS = YES_AGGRESSIVE;
				GCC_WARN_UNUSED_FUNCTION = YES;
				GCC_WARN_UNUSED_VARIABLE = YES;
				IPHONEOS_DEPLOYMENT_TARGET = 12.2;
				MTL_ENABLE_DEBUG_INFO = INCLUDE_SOURCE;
				MTL_FAST_MATH = YES;
				ONLY_ACTIVE_ARCH = YES;
				REEXPORTED_FRAMEWORK_NAMES = "";
				SDKROOT = iphoneos;
				SWIFT_ACTIVE_COMPILATION_CONDITIONS = DEBUG;
				SWIFT_OPTIMIZATION_LEVEL = "-Onone";
			};
			name = Debug;
		};
		5AEA1BEC2293CB8700586209 /* Release */ = {
			isa = XCBuildConfiguration;
			buildSettings = {
				ALWAYS_SEARCH_USER_PATHS = NO;
				CLANG_ANALYZER_NONNULL = YES;
				CLANG_ANALYZER_NUMBER_OBJECT_CONVERSION = YES_AGGRESSIVE;
				CLANG_CXX_LANGUAGE_STANDARD = "gnu++14";
				CLANG_CXX_LIBRARY = "libc++";
				CLANG_ENABLE_MODULES = YES;
				CLANG_ENABLE_OBJC_ARC = YES;
				CLANG_ENABLE_OBJC_WEAK = YES;
				CLANG_WARN_BLOCK_CAPTURE_AUTORELEASING = YES;
				CLANG_WARN_BOOL_CONVERSION = YES;
				CLANG_WARN_COMMA = YES;
				CLANG_WARN_CONSTANT_CONVERSION = YES;
				CLANG_WARN_DEPRECATED_OBJC_IMPLEMENTATIONS = YES;
				CLANG_WARN_DIRECT_OBJC_ISA_USAGE = YES_ERROR;
				CLANG_WARN_DOCUMENTATION_COMMENTS = YES;
				CLANG_WARN_EMPTY_BODY = YES;
				CLANG_WARN_ENUM_CONVERSION = YES;
				CLANG_WARN_INFINITE_RECURSION = YES;
				CLANG_WARN_INT_CONVERSION = YES;
				CLANG_WARN_NON_LITERAL_NULL_CONVERSION = YES;
				CLANG_WARN_OBJC_IMPLICIT_RETAIN_SELF = YES;
				CLANG_WARN_OBJC_LITERAL_CONVERSION = YES;
				CLANG_WARN_OBJC_ROOT_CLASS = YES_ERROR;
				CLANG_WARN_RANGE_LOOP_ANALYSIS = YES;
				CLANG_WARN_STRICT_PROTOTYPES = YES;
				CLANG_WARN_SUSPICIOUS_MOVE = YES;
				CLANG_WARN_UNGUARDED_AVAILABILITY = YES_AGGRESSIVE;
				CLANG_WARN_UNREACHABLE_CODE = YES;
				CLANG_WARN__DUPLICATE_METHOD_MATCH = YES;
				CODE_SIGN_IDENTITY = "iPhone Developer";
				COPY_PHASE_STRIP = NO;
				DEBUG_INFORMATION_FORMAT = "dwarf-with-dsym";
				ENABLE_NS_ASSERTIONS = NO;
				ENABLE_STRICT_OBJC_MSGSEND = YES;
				FRAMEWORK_SEARCH_PATHS = "$(inherited)";
				GCC_C_LANGUAGE_STANDARD = gnu11;
				GCC_NO_COMMON_BLOCKS = YES;
				GCC_WARN_64_TO_32_BIT_CONVERSION = YES;
				GCC_WARN_ABOUT_RETURN_TYPE = YES_ERROR;
				GCC_WARN_UNDECLARED_SELECTOR = YES;
				GCC_WARN_UNINITIALIZED_AUTOS = YES_AGGRESSIVE;
				GCC_WARN_UNUSED_FUNCTION = YES;
				GCC_WARN_UNUSED_VARIABLE = YES;
				IPHONEOS_DEPLOYMENT_TARGET = 12.2;
				MTL_ENABLE_DEBUG_INFO = NO;
				MTL_FAST_MATH = YES;
				REEXPORTED_FRAMEWORK_NAMES = "";
				SDKROOT = iphoneos;
				SWIFT_COMPILATION_MODE = wholemodule;
				SWIFT_OPTIMIZATION_LEVEL = "-O";
				VALIDATE_PRODUCT = YES;
			};
			name = Release;
		};
		5AEA1BEE2293CB8700586209 /* Debug */ = {
			isa = XCBuildConfiguration;
			baseConfigurationReference = 7099FAA0F0518F0D1A33B749 /* Pods-MoVision.debug.xcconfig */;
			buildSettings = {
				ASSETCATALOG_COMPILER_APPICON_NAME = AppIcon;
				CODE_SIGN_IDENTITY = "iPhone Developer";
				CODE_SIGN_STYLE = Automatic;
				DEVELOPMENT_TEAM = "";
				FRAMEWORK_SEARCH_PATHS = "$(inherited)";
				HEADER_SEARCH_PATHS = "";
				INFOPLIST_FILE = MoVision/Info.plist;
				LD_RUNPATH_SEARCH_PATHS = "@executable_path/Frameworks";
				PRODUCT_BUNDLE_IDENTIFIER = com.sdk.MoVision;
				PRODUCT_NAME = "$(TARGET_NAME)";
				PROVISIONING_PROFILE_SPECIFIER = "";
				SWIFT_VERSION = 5.0;
				TARGETED_DEVICE_FAMILY = "1,2";
			};
			name = Debug;
		};
		5AEA1BEF2293CB8700586209 /* Release */ = {
			isa = XCBuildConfiguration;
			baseConfigurationReference = CA598AD1AF3EF451CFE5FE57 /* Pods-MoVision.release.xcconfig */;
			buildSettings = {
				ASSETCATALOG_COMPILER_APPICON_NAME = AppIcon;
				CODE_SIGN_IDENTITY = "iPhone Developer";
				CODE_SIGN_STYLE = Automatic;
				DEVELOPMENT_TEAM = "";
				FRAMEWORK_SEARCH_PATHS = "$(inherited)";
				HEADER_SEARCH_PATHS = "";
				INFOPLIST_FILE = MoVision/Info.plist;
				LD_RUNPATH_SEARCH_PATHS = "@executable_path/Frameworks";
				PRODUCT_BUNDLE_IDENTIFIER = com.sdk.MoVision;
				PRODUCT_NAME = "$(TARGET_NAME)";
				PROVISIONING_PROFILE_SPECIFIER = "";
				SWIFT_VERSION = 5.0;
				TARGETED_DEVICE_FAMILY = "1,2";
			};
			name = Release;
		};
/* End XCBuildConfiguration section */

/* Begin XCConfigurationList section */
		5AEA1BD42293CB8500586209 /* Build configuration list for PBXProject "MoVision" */ = {
			isa = XCConfigurationList;
			buildConfigurations = (
				5AEA1BEB2293CB8700586209 /* Debug */,
				5AEA1BEC2293CB8700586209 /* Release */,
			);
			defaultConfigurationIsVisible = 0;
			defaultConfigurationName = Release;
		};
		5AEA1BED2293CB8700586209 /* Build configuration list for PBXNativeTarget "MoVision" */ = {
			isa = XCConfigurationList;
			buildConfigurations = (
				5AEA1BEE2293CB8700586209 /* Debug */,
				5AEA1BEF2293CB8700586209 /* Release */,
			);
			defaultConfigurationIsVisible = 0;
			defaultConfigurationName = Release;
		};
/* End XCConfigurationList section */

/* Begin XCVersionGroup section */
		5AEA1C22229CB13900586209 /* MoVision.xcdatamodeld */ = {
			isa = XCVersionGroup;
			children = (
				5AEA1C23229CB13900586209 /* MoVision.xcdatamodel */,
			);
			currentVersion = 5AEA1C23229CB13900586209 /* MoVision.xcdatamodel */;
			path = MoVision.xcdatamodeld;
			sourceTree = "<group>";
			versionGroupType = wrapper.xcdatamodel;
		};
/* End XCVersionGroup section */
	};
	rootObject = 5AEA1BD12293CB8500586209 /* Project object */;
}
